
Microsoft Visual Studio Solution File, Format Version 12.00
# Visual Studio Version 17
VisualStudioVersion = 17.10.34928.147
MinimumVisualStudioVersion = 10.0.40219.1
Project("{FAE04EC0-301F-11D3-BF4B-00C04F79EFBC}") = "Students", "Students\Students.csproj", "{D883C88A-EB0F-4837-BAB0-C6D1F4DFBAE8}"
EndProject
Global
	GlobalSection(SolutionConfigurationPlatforms) = preSolution
		Debug|Any CPU = Debug|Any CPU
		Release|Any CPU = Release|Any CPU
	EndGlobalSection
	GlobalSection(ProjectConfigurationPlatforms) = postSolution
		{D883C88A-EB0F-4837-BAB0-C6D1F4DFBAE8}.Debug|Any CPU.ActiveCfg = Debug|Any CPU
		{D883C88A-EB0F-4837-BAB0-C6D1F4DFBAE8}.Debug|Any CPU.Build.0 = Debug|Any CPU
		{D883C88A-EB0F-4837-BAB0-C6D1F4DFBAE8}.Release|Any CPU.ActiveCfg = Release|Any CPU
		{D883C88A-EB0F-4837-BAB0-C6D1F4DFBAE8}.Release|Any CPU.Build.0 = Release|Any CPU
	EndGlobalSection
	GlobalSection(SolutionProperties) = preSolution
		HideSolutionNode = FALSE
	EndGlobalSection
	GlobalSection(ExtensibilityGlobals) = postSolution
		SolutionGuid = {464D378C-B56B-4CB6-AB71-F4F0EEFA379D}
	EndGlobalSection
EndGlobal
